
Microsoft Visual Studio Solution File, Format Version 12.00
# Visual Studio Version 17
VisualStudioVersion = 17.13.35806.99
MinimumVisualStudioVersion = 10.0.40219.1
Project("{FAE04EC0-301F-11D3-BF4B-00C04F79EFBC}") = "App.Repositories", "Repositories\App.Repositories.csproj", "{932D1C75-F737-453A-88B3-BD6D3078F40D}"
EndProject
Project("{FAE04EC0-301F-11D3-BF4B-00C04F79EFBC}") = "App.Services", "Services\App.Services.csproj", "{45C2AB93-EBF6-4863-85ED-9C87E57318A0}"
EndProject
Project("{FAE04EC0-301F-11D3-BF4B-00C04F79EFBC}") = "App.API", "App.API\App.API.csproj", "{9C304463-9F69-46B6-BC95-EFE45E07FE37}"
EndProject
Project("{2150E333-8FDC-42A3-9474-1A3956D46DE8}") = "Nlayer", "Nlayer", "{02EA681E-C7D8-13C7-8484-4AC65E1B71E8}"
EndProject
Project("{2150E333-8FDC-42A3-9474-1A3956D46DE8}") = "CleanArchitecture", "CleanArchitecture", "{18BDD637-EC85-4072-AA07-4693EBC03CD9}"
EndProject
Project("{2150E333-8FDC-42A3-9474-1A3956D46DE8}") = "Src", "Src", "{680F3746-9153-42D8-9670-5BBFD0837A15}"
EndProject
Project("{2150E333-8FDC-42A3-9474-1A3956D46DE8}") = "test", "test", "{442C5F86-7E77-4075-BC65-69BA7FA6A931}"
EndProject
Project("{2150E333-8FDC-42A3-9474-1A3956D46DE8}") = "Core", "Core", "{9927B922-93A8-459F-897C-CBF0C7CEFBF9}"
EndProject
Project("{FAE04EC0-301F-11D3-BF4B-00C04F79EFBC}") = "App.Domain", "App.Domain\App.Domain.csproj", "{3C042CD7-69C9-4510-AD91-88A77CC9FB48}"
EndProject
Project("{FAE04EC0-301F-11D3-BF4B-00C04F79EFBC}") = "App.Application", "App.Application\App.Application.csproj", "{EE634B49-4BD4-448F-8186-C6A0718B28F7}"
EndProject
Project("{2150E333-8FDC-42A3-9474-1A3956D46DE8}") = "Infrastructure", "Infrastructure", "{C8D7A8AF-F3A6-42A7-9D6B-1EC40A7ECCA6}"
EndProject
Project("{FAE04EC0-301F-11D3-BF4B-00C04F79EFBC}") = "App.Persistence", "App.Persistence\App.Persistence.csproj", "{5E96246C-C7C8-4E10-940D-21297F6BD169}"
EndProject
Project("{2150E333-8FDC-42A3-9474-1A3956D46DE8}") = "API", "API", "{9D7D9AFD-832D-4235-B0C0-7717F9DB53E6}"
EndProject
Project("{FAE04EC0-301F-11D3-BF4B-00C04F79EFBC}") = "CleanApp.API", "CleanArchitecture\App.API\CleanApp.API.csproj", "{E096D5B5-A35B-4B1C-B46E-7E2BD2EA04FA}"
EndProject
Global
	GlobalSection(SolutionConfigurationPlatforms) = preSolution
		Debug|Any CPU = Debug|Any CPU
		Release|Any CPU = Release|Any CPU
	EndGlobalSection
	GlobalSection(ProjectConfigurationPlatforms) = postSolution
		{932D1C75-F737-453A-88B3-BD6D3078F40D}.Debug|Any CPU.ActiveCfg = Debug|Any CPU
		{932D1C75-F737-453A-88B3-BD6D3078F40D}.Debug|Any CPU.Build.0 = Debug|Any CPU
		{932D1C75-F737-453A-88B3-BD6D3078F40D}.Release|Any CPU.ActiveCfg = Release|Any CPU
		{932D1C75-F737-453A-88B3-BD6D3078F40D}.Release|Any CPU.Build.0 = Release|Any CPU
		{45C2AB93-EBF6-4863-85ED-9C87E57318A0}.Debug|Any CPU.ActiveCfg = Debug|Any CPU
		{45C2AB93-EBF6-4863-85ED-9C87E57318A0}.Debug|Any CPU.Build.0 = Debug|Any CPU
		{45C2AB93-EBF6-4863-85ED-9C87E57318A0}.Release|Any CPU.ActiveCfg = Release|Any CPU
		{45C2AB93-EBF6-4863-85ED-9C87E57318A0}.Release|Any CPU.Build.0 = Release|Any CPU
		{9C304463-9F69-46B6-BC95-EFE45E07FE37}.Debug|Any CPU.ActiveCfg = Debug|Any CPU
		{9C304463-9F69-46B6-BC95-EFE45E07FE37}.Debug|Any CPU.Build.0 = Debug|Any CPU
		{9C304463-9F69-46B6-BC95-EFE45E07FE37}.Release|Any CPU.ActiveCfg = Release|Any CPU
		{9C304463-9F69-46B6-BC95-EFE45E07FE37}.Release|Any CPU.Build.0 = Release|Any CPU
		{3C042CD7-69C9-4510-AD91-88A77CC9FB48}.Debug|Any CPU.ActiveCfg = Debug|Any CPU
		{3C042CD7-69C9-4510-AD91-88A77CC9FB48}.Debug|Any CPU.Build.0 = Debug|Any CPU
		{3C042CD7-69C9-4510-AD91-88A77CC9FB48}.Release|Any CPU.ActiveCfg = Release|Any CPU
		{3C042CD7-69C9-4510-AD91-88A77CC9FB48}.Release|Any CPU.Build.0 = Release|Any CPU
		{EE634B49-4BD4-448F-8186-C6A0718B28F7}.Debug|Any CPU.ActiveCfg = Debug|Any CPU
		{EE634B49-4BD4-448F-8186-C6A0718B28F7}.Debug|Any CPU.Build.0 = Debug|Any CPU
		{EE634B49-4BD4-448F-8186-C6A0718B28F7}.Release|Any CPU.ActiveCfg = Release|Any CPU
		{EE634B49-4BD4-448F-8186-C6A0718B28F7}.Release|Any CPU.Build.0 = Release|Any CPU
		{5E96246C-C7C8-4E10-940D-21297F6BD169}.Debug|Any CPU.ActiveCfg = Debug|Any CPU
		{5E96246C-C7C8-4E10-940D-21297F6BD169}.Debug|Any CPU.Build.0 = Debug|Any CPU
		{5E96246C-C7C8-4E10-940D-21297F6BD169}.Release|Any CPU.ActiveCfg = Release|Any CPU
		{5E96246C-C7C8-4E10-940D-21297F6BD169}.Release|Any CPU.Build.0 = Release|Any CPU
		{E096D5B5-A35B-4B1C-B46E-7E2BD2EA04FA}.Debug|Any CPU.ActiveCfg = Debug|Any CPU
		{E096D5B5-A35B-4B1C-B46E-7E2BD2EA04FA}.Debug|Any CPU.Build.0 = Debug|Any CPU
		{E096D5B5-A35B-4B1C-B46E-7E2BD2EA04FA}.Release|Any CPU.ActiveCfg = Release|Any CPU
		{E096D5B5-A35B-4B1C-B46E-7E2BD2EA04FA}.Release|Any CPU.Build.0 = Release|Any CPU
	EndGlobalSection
	GlobalSection(SolutionProperties) = preSolution
		HideSolutionNode = FALSE
	EndGlobalSection
	GlobalSection(NestedProjects) = preSolution
		{932D1C75-F737-453A-88B3-BD6D3078F40D} = {02EA681E-C7D8-13C7-8484-4AC65E1B71E8}
		{45C2AB93-EBF6-4863-85ED-9C87E57318A0} = {02EA681E-C7D8-13C7-8484-4AC65E1B71E8}
		{9C304463-9F69-46B6-BC95-EFE45E07FE37} = {02EA681E-C7D8-13C7-8484-4AC65E1B71E8}
		{680F3746-9153-42D8-9670-5BBFD0837A15} = {18BDD637-EC85-4072-AA07-4693EBC03CD9}
		{442C5F86-7E77-4075-BC65-69BA7FA6A931} = {18BDD637-EC85-4072-AA07-4693EBC03CD9}
		{9927B922-93A8-459F-897C-CBF0C7CEFBF9} = {680F3746-9153-42D8-9670-5BBFD0837A15}
		{3C042CD7-69C9-4510-AD91-88A77CC9FB48} = {9927B922-93A8-459F-897C-CBF0C7CEFBF9}
		{EE634B49-4BD4-448F-8186-C6A0718B28F7} = {9927B922-93A8-459F-897C-CBF0C7CEFBF9}
		{C8D7A8AF-F3A6-42A7-9D6B-1EC40A7ECCA6} = {9927B922-93A8-459F-897C-CBF0C7CEFBF9}
		{5E96246C-C7C8-4E10-940D-21297F6BD169} = {C8D7A8AF-F3A6-42A7-9D6B-1EC40A7ECCA6}
		{9D7D9AFD-832D-4235-B0C0-7717F9DB53E6} = {680F3746-9153-42D8-9670-5BBFD0837A15}
		{E096D5B5-A35B-4B1C-B46E-7E2BD2EA04FA} = {9D7D9AFD-832D-4235-B0C0-7717F9DB53E6}
	EndGlobalSection
	GlobalSection(ExtensibilityGlobals) = postSolution
		SolutionGuid = {5DF16567-58A9-4DEF-93FE-D8CBEDBBA87B}
	EndGlobalSection
EndGlobal
